PODS:
  - Alamofire (5.4.4)
  - Kingfisher (7.1.2)
  - Realm (10.21.1):
    - Realm/Headers (= 10.21.1)
  - Realm/Headers (10.21.1)
  - RxCocoa (5.1.3):
    - RxRelay (~> 5)
    - RxSwift (~> 5)
  - RxRelay (5.1.3):
    - RxSwift (~> 5)
  - RxSwift (5.1.3)
  - SwiftLint (0.45.1)

DEPENDENCIES:
  - Alamofire (~> 5.4)
  - Kingfisher (~> 7.1)
  - Realm (~> 10.21)
  - RxCocoa (~> 5.1)
  - RxSwift (~> 5.1)
  - SwiftLint (~> 0.45)

SPEC REPOS:
  trunk:
    - Alamofire
    - Kingfisher
    - Realm
    - RxCocoa
    - RxRelay
    - RxSwift
    - SwiftLint

SPEC CHECKSUMS:
  Alamofire: f3b09a368f1582ab751b3fff5460276e0d2cf5c9
  Kingfisher: 44ed6a8504763f27bab46163adfac83f5deb240c
  Realm: 44b41c3ae39e3ecfded71a04434bfde066c7b317
  RxCocoa: e2ed092d5432e4296aa818021d27de4090ac0354
  RxRelay: 5a18c2eb2d68326ebaf0112f80d837ae41b92b97
  RxSwift: 915abbdfb62214aa89ccd0b194d44fb478019b27
  SwiftLint: 06ac37e4d38c7068e0935bb30cda95f093bec761

PODFILE CHECKSUM: f42b49a5c39f4c64842f5e37b57a5d63aa86e3d3

COCOAPODS: 1.11.2
